<?xml version="1.0" encoding="utf-8"?>
<Project ToolsVersion="4.0" xmlns="http://schemas.microsoft.com/developer/msbuild/2003">
  <ItemGroup>
    <Filter Include="Chess">
      <UniqueIdentifier>{3B2EF60C-A742-1EBE-70C4-C11DDC971AEF}</UniqueIdentifier>
    </Filter>
    <Filter Include="Chess\Pieces">
      <UniqueIdentifier>{6379D547-4FDC-64EC-F861-9DA2E4A3306F}</UniqueIdentifier>
    </Filter>
    <Filter Include="Chess\Players">
      <UniqueIdentifier>{4ACE4749-B68E-C37F-7FC9-0CFDEB48085C}</UniqueIdentifier>
    </Filter>
    <Filter Include="Math">
      <UniqueIdentifier>{AFF4887C-9B2B-8A0D-4418-7010302E060F}</UniqueIdentifier>
    </Filter>
    <Filter Include="Renderer2D">
      <UniqueIdentifier>{32641300-1E1C-554D-8723-2EA973FAEF3D}</UniqueIdentifier>
    </Filter>
    <Filter Include="Renderer2D\SDL">
      <UniqueIdentifier>{245DC9E6-102B-BDEC-F9BE-2D13E52B9951}</UniqueIdentifier>
    </Filter>
  </ItemGroup>
  <ItemGroup>
    <ClInclude Include="src\Assets.h" />
    <ClInclude Include="src\Chess\Board.h">
      <Filter>Chess</Filter>
    </ClInclude>
    <ClInclude Include="src\Chess\Cell.h">
      <Filter>Chess</Filter>
    </ClInclude>
    <ClInclude Include="src\Chess\Common.h">
      <Filter>Chess</Filter>
    </ClInclude>
    <ClInclude Include="src\Chess\Game.h">
      <Filter>Chess</Filter>
    </ClInclude>
    <ClInclude Include="src\Chess\Piece.h">
      <Filter>Chess</Filter>
    </ClInclude>
    <ClInclude Include="src\Chess\Pieces\Bishop.h">
      <Filter>Chess\Pieces</Filter>
    </ClInclude>
    <ClInclude Include="src\Chess\Pieces\FastPiece.h">
      <Filter>Chess\Pieces</Filter>
    </ClInclude>
    <ClInclude Include="src\Chess\Pieces\King.h">
      <Filter>Chess\Pieces</Filter>
    </ClInclude>
    <ClInclude Include="src\Chess\Pieces\Knight.h">
      <Filter>Chess\Pieces</Filter>
    </ClInclude>
    <ClInclude Include="src\Chess\Pieces\Pawn.h">
      <Filter>Chess\Pieces</Filter>
    </ClInclude>
    <ClInclude Include="src\Chess\Pieces\Queen.h">
      <Filter>Chess\Pieces</Filter>
    </ClInclude>
    <ClInclude Include="src\Chess\Pieces\Rook.h">
      <Filter>Chess\Pieces</Filter>
    </ClInclude>
    <ClInclude Include="src\Chess\Pieces\SlowPiece.h">
      <Filter>Chess\Pieces</Filter>
    </ClInclude>
    <ClInclude Include="src\Chess\Player.h">
      <Filter>Chess</Filter>
    </ClInclude>
    <ClInclude Include="src\Chess\Players\AIPlayer.h">
      <Filter>Chess\Players</Filter>
    </ClInclude>
    <ClInclude Include="src\Chess\Players\HumanPlayer.h">
      <Filter>Chess\Players</Filter>
    </ClInclude>
    <ClInclude Include="src\Logger.h" />
    <ClInclude Include="src\Math\point2d.h">
      <Filter>Math</Filter>
    </ClInclude>
    <ClInclude Include="src\Math\vector2d.h">
      <Filter>Math</Filter>
    </ClInclude>
    <ClInclude Include="src\Renderer2D\Renderer2D.h">
      <Filter>Renderer2D</Filter>
    </ClInclude>
    <ClInclude Include="src\Renderer2D\SDL\Renderer2D_SDL.h">
      <Filter>Renderer2D\SDL</Filter>
    </ClInclude>
  </ItemGroup>
  <ItemGroup>
    <ClCompile Include="src\Chess\Board.cpp">
      <Filter>Chess</Filter>
    </ClCompile>
    <ClCompile Include="src\Chess\Cell.cpp">
      <Filter>Chess</Filter>
    </ClCompile>
    <ClCompile Include="src\Chess\Common.cpp">
      <Filter>Chess</Filter>
    </ClCompile>
    <ClCompile Include="src\Chess\Game.cpp">
      <Filter>Chess</Filter>
    </ClCompile>
    <ClCompile Include="src\Chess\Piece.cpp">
      <Filter>Chess</Filter>
    </ClCompile>
    <ClCompile Include="src\Chess\Pieces\Bishop.cpp">
      <Filter>Chess\Pieces</Filter>
    </ClCompile>
    <ClCompile Include="src\Chess\Pieces\FastPiece.cpp">
      <Filter>Chess\Pieces</Filter>
    </ClCompile>
    <ClCompile Include="src\Chess\Pieces\King.cpp">
      <Filter>Chess\Pieces</Filter>
    </ClCompile>
    <ClCompile Include="src\Chess\Pieces\Pawn.cpp">
      <Filter>Chess\Pieces</Filter>
    </ClCompile>
    <ClCompile Include="src\Chess\Pieces\Rook.cpp">
      <Filter>Chess\Pieces</Filter>
    </ClCompile>
    <ClCompile Include="src\Chess\Pieces\SlowPiece.cpp">
      <Filter>Chess\Pieces</Filter>
    </ClCompile>
    <ClCompile Include="src\Chess\Player.cpp">
      <Filter>Chess</Filter>
    </ClCompile>
    <ClCompile Include="src\Chess\Players\AIPlayer.cpp">
      <Filter>Chess\Players</Filter>
    </ClCompile>
    <ClCompile Include="src\Chess\Players\HumanPlayer.cpp">
      <Filter>Chess\Players</Filter>
    </ClCompile>
    <ClCompile Include="src\Logger.cpp" />
    <ClCompile Include="src\Renderer2D\SDL\Renderer2D_SDL.cpp">
      <Filter>Renderer2D\SDL</Filter>
    </ClCompile>
    <ClCompile Include="src\main.cpp" />
  </ItemGroup>
</Project>